
Microsoft Visual Studio Solution File, Format Version 12.00
# Visual Studio 2012
Project("{FAE04EC0-301F-11D3-BF4B-00C04F79EFBC}") = "cryptography", "Cryptography\cryptography.csproj", "{0866890C-3988-47CB-A24A-A3D868B6A2EA}"
EndProject
Project("{FAE04EC0-301F-11D3-BF4B-00C04F79EFBC}") = "UnitTest", "UnitTest\UnitTest.csproj", "{4B9409DE-9A82-4B0C-870E-4617EB88CF40}"
EndProject
Project("{9344BDBB-3E7F-41FC-A0DD-8665D75EE146}") = "Packages", "Packages.mdproj", "{08A56AE7-6BBB-4966-8F0E-A8EA18A8E273}"
EndProject
Project("{FAE04EC0-301F-11D3-BF4B-00C04F79EFBC}") = "Examples", "Examples\Examples.csproj", "{EE89B6F7-7DB2-4BCB-A0F0-0F75AAD68450}"
EndProject
Project("{2150E333-8FDC-42A3-9474-1A3956D46DE8}") = "Solution Items", "Solution Items", "{85CA55E9-331B-4D99-9E1C-EDC809835317}"
	ProjectSection(SolutionItems) = preProject
		LICENSE.txt = LICENSE.txt
		README.md = README.md
	EndProjectSection
EndProject
Global
	GlobalSection(SolutionConfigurationPlatforms) = preSolution
		Debug|Any CPU = Debug|Any CPU
		Release|Any CPU = Release|Any CPU
		Debug|x86 = Debug|x86
		Release|x86 = Release|x86
	EndGlobalSection
	GlobalSection(ProjectConfigurationPlatforms) = postSolution
		{0866890C-3988-47CB-A24A-A3D868B6A2EA}.Debug|Any CPU.ActiveCfg = Debug|Any CPU
		{0866890C-3988-47CB-A24A-A3D868B6A2EA}.Debug|Any CPU.Build.0 = Debug|Any CPU
		{0866890C-3988-47CB-A24A-A3D868B6A2EA}.Debug|x86.ActiveCfg = Debug|x86
		{0866890C-3988-47CB-A24A-A3D868B6A2EA}.Debug|x86.Build.0 = Debug|x86
		{0866890C-3988-47CB-A24A-A3D868B6A2EA}.Release|Any CPU.ActiveCfg = Release|Any CPU
		{0866890C-3988-47CB-A24A-A3D868B6A2EA}.Release|Any CPU.Build.0 = Release|Any CPU
		{0866890C-3988-47CB-A24A-A3D868B6A2EA}.Release|x86.ActiveCfg = Release|x86
		{0866890C-3988-47CB-A24A-A3D868B6A2EA}.Release|x86.Build.0 = Release|x86
		{08A56AE7-6BBB-4966-8F0E-A8EA18A8E273}.Debug|Any CPU.ActiveCfg = Debug|Any CPU
		{08A56AE7-6BBB-4966-8F0E-A8EA18A8E273}.Debug|x86.ActiveCfg = Debug|Any CPU
		{08A56AE7-6BBB-4966-8F0E-A8EA18A8E273}.Release|Any CPU.ActiveCfg = Release|Any CPU
		{08A56AE7-6BBB-4966-8F0E-A8EA18A8E273}.Release|x86.ActiveCfg = Release|Any CPU
		{4B9409DE-9A82-4B0C-870E-4617EB88CF40}.Debug|Any CPU.ActiveCfg = Debug|Any CPU
		{4B9409DE-9A82-4B0C-870E-4617EB88CF40}.Debug|Any CPU.Build.0 = Debug|Any CPU
		{4B9409DE-9A82-4B0C-870E-4617EB88CF40}.Debug|x86.ActiveCfg = Debug|Any CPU
		{4B9409DE-9A82-4B0C-870E-4617EB88CF40}.Debug|x86.Build.0 = Debug|Any CPU
		{4B9409DE-9A82-4B0C-870E-4617EB88CF40}.Release|Any CPU.ActiveCfg = Release|Any CPU
		{4B9409DE-9A82-4B0C-870E-4617EB88CF40}.Release|Any CPU.Build.0 = Release|Any CPU
		{4B9409DE-9A82-4B0C-870E-4617EB88CF40}.Release|x86.ActiveCfg = Release|Any CPU
		{4B9409DE-9A82-4B0C-870E-4617EB88CF40}.Release|x86.Build.0 = Release|Any CPU
		{EE89B6F7-7DB2-4BCB-A0F0-0F75AAD68450}.Debug|Any CPU.ActiveCfg = Debug|Any CPU
		{EE89B6F7-7DB2-4BCB-A0F0-0F75AAD68450}.Debug|Any CPU.Build.0 = Debug|Any CPU
		{EE89B6F7-7DB2-4BCB-A0F0-0F75AAD68450}.Debug|x86.ActiveCfg = Debug|Any CPU
		{EE89B6F7-7DB2-4BCB-A0F0-0F75AAD68450}.Debug|x86.Build.0 = Debug|Any CPU
		{EE89B6F7-7DB2-4BCB-A0F0-0F75AAD68450}.Release|Any CPU.ActiveCfg = Release|Any CPU
		{EE89B6F7-7DB2-4BCB-A0F0-0F75AAD68450}.Release|Any CPU.Build.0 = Release|Any CPU
		{EE89B6F7-7DB2-4BCB-A0F0-0F75AAD68450}.Release|x86.ActiveCfg = Release|Any CPU
		{EE89B6F7-7DB2-4BCB-A0F0-0F75AAD68450}.Release|x86.Build.0 = Release|Any CPU
	EndGlobalSection
	GlobalSection(NestedProjects) = preSolution
	EndGlobalSection
	GlobalSection(MonoDevelopProperties) = preSolution
		Policies = $0
		$0.DotNetNamingPolicy = $1
		$1.DirectoryNamespaceAssociation = None
		$1.ResourceNamePolicy = FileFormatDefault
		$0.TextStylePolicy = $2
		$2.FileWidth = 120
		$2.TabsToSpaces = False
		$2.inheritsSet = VisualStudio
		$2.inheritsScope = text/plain
		$2.scope = text/x-csharp
		$0.CSharpFormattingPolicy = $3
		$3.IndentPreprocessorDirectives = False
		$3.AnonymousMethodBraceStyle = NextLine
		$3.PropertyBraceStyle = NextLine
		$3.PropertyGetBraceStyle = NextLine
		$3.PropertySetBraceStyle = NextLine
		$3.EventBraceStyle = NextLine
		$3.EventAddBraceStyle = NextLine
		$3.EventRemoveBraceStyle = NextLine
		$3.StatementBraceStyle = NextLine
		$3.ElseNewLinePlacement = NewLine
		$3.CatchNewLinePlacement = NewLine
		$3.FinallyNewLinePlacement = NewLine
		$3.WhileNewLinePlacement = NewLine
		$3.BeforeMethodDeclarationParentheses = False
		$3.BeforeMethodCallParentheses = False
		$3.BeforeConstructorDeclarationParentheses = False
		$3.BeforeIndexerDeclarationBracket = False
		$3.BeforeDelegateDeclarationParentheses = False
		$3.AfterDelegateDeclarationParameterComma = True
		$3.NewParentheses = False
		$3.CatchParentheses = False
		$3.LockParentheses = False
		$3.SpacesBeforeBrackets = False
		$3.AlignToFirstIndexerArgument = True
		$3.inheritsSet = Mono
		$3.inheritsScope = text/x-csharp
		$3.scope = text/x-csharp
		$0.VersionControlPolicy = $4
		$4.inheritsSet = Mono
		$0.TextStylePolicy = $5
		$5.FileWidth = 120
		$5.TabsToSpaces = False
		$5.inheritsSet = VisualStudio
		$5.inheritsScope = text/plain
		$0.TextStylePolicy = $6
		$6.FileWidth = 120
		$6.TabsToSpaces = False
		$6.inheritsSet = VisualStudio
		$6.inheritsScope = text/plain
		$6.scope = text/plain
		$0.StandardHeader = $7
		$7.Text = 
		$7.IncludeInNewFiles = True
		$0.NameConventionPolicy = $8
		$8.Rules = $9
		$9.NamingRule = $10
		$10.Name = Namespaces
		$10.AffectedEntity = Namespace
		$10.VisibilityMask = VisibilityMask
		$10.NamingStyle = PascalCase
		$10.IncludeInstanceMembers = True
		$10.IncludeStaticEntities = True
		$9.NamingRule = $11
		$11.Name = Types
		$11.AffectedEntity = Class, Struct, Enum, Delegate
		$11.VisibilityMask = Public
		$11.NamingStyle = PascalCase
		$11.IncludeInstanceMembers = True
		$11.IncludeStaticEntities = True
		$9.NamingRule = $12
		$12.Name = Interfaces
		$12.RequiredPrefixes = $13
		$13.String = I
		$12.AffectedEntity = Interface
		$12.VisibilityMask = Public
		$12.NamingStyle = PascalCase
		$12.IncludeInstanceMembers = True
		$12.IncludeStaticEntities = True
		$9.NamingRule = $14
		$14.Name = Attributes
		$14.RequiredSuffixes = $15
		$15.String = Attribute
		$14.AffectedEntity = CustomAttributes
		$14.VisibilityMask = Public
		$14.NamingStyle = PascalCase
		$14.IncludeInstanceMembers = True
		$14.IncludeStaticEntities = True
		$9.NamingRule = $16
		$16.Name = Event Arguments
		$16.RequiredSuffixes = $17
		$17.String = EventArgs
		$16.AffectedEntity = CustomEventArgs
		$16.VisibilityMask = Public
		$16.NamingStyle = PascalCase
		$16.IncludeInstanceMembers = True
		$16.IncludeStaticEntities = True
		$9.NamingRule = $18
		$18.Name = Exceptions
		$18.RequiredSuffixes = $19
		$19.String = Exception
		$18.AffectedEntity = CustomExceptions
		$18.VisibilityMask = VisibilityMask
		$18.NamingStyle = PascalCase
		$18.IncludeInstanceMembers = True
		$18.IncludeStaticEntities = True
		$9.NamingRule = $20
		$20.Name = Methods
		$20.AffectedEntity = Methods
		$20.VisibilityMask = Protected, Public
		$20.NamingStyle = PascalCase
		$20.IncludeInstanceMembers = True
		$20.IncludeStaticEntities = True
		$9.NamingRule = $21
		$21.Name = Static Readonly Fields
		$21.AffectedEntity = ReadonlyField
		$21.VisibilityMask = Protected, Public
		$21.NamingStyle = PascalCase
		$21.IncludeInstanceMembers = False
		$21.IncludeStaticEntities = True
		$9.NamingRule = $22
		$22.Name = Fields
		$22.AffectedEntity = Field
		$22.VisibilityMask = Protected, Public
		$22.NamingStyle = PascalCase
		$22.IncludeInstanceMembers = True
		$22.IncludeStaticEntities = True
		$9.NamingRule = $23
		$23.Name = ReadOnly Fields
		$23.AffectedEntity = ReadonlyField
		$23.VisibilityMask = Protected, Public
		$23.NamingStyle = PascalCase
		$23.IncludeInstanceMembers = True
		$23.IncludeStaticEntities = False
		$9.NamingRule = $24
		$24.Name = Constant Fields
		$24.AffectedEntity = ConstantField
		$24.VisibilityMask = Protected, Public
		$24.NamingStyle = PascalCase
		$24.IncludeInstanceMembers = True
		$24.IncludeStaticEntities = True
		$9.NamingRule = $25
		$25.Name = Properties
		$25.AffectedEntity = Property
		$25.VisibilityMask = Protected, Public
		$25.NamingStyle = PascalCase
		$25.IncludeInstanceMembers = True
		$25.IncludeStaticEntities = True
		$9.NamingRule = $26
		$26.Name = Events
		$26.AffectedEntity = Event
		$26.VisibilityMask = Protected, Public
		$26.NamingStyle = PascalCase
		$26.IncludeInstanceMembers = True
		$26.IncludeStaticEntities = True
		$9.NamingRule = $27
		$27.Name = Enum Members
		$27.AffectedEntity = EnumMember
		$27.VisibilityMask = VisibilityMask
		$27.NamingStyle = PascalCase
		$27.IncludeInstanceMembers = True
		$27.IncludeStaticEntities = True
		$9.NamingRule = $28
		$28.Name = Parameters
		$28.AffectedEntity = Parameter
		$28.VisibilityMask = VisibilityMask
		$28.NamingStyle = CamelCase
		$28.IncludeInstanceMembers = True
		$28.IncludeStaticEntities = True
		$9.NamingRule = $29
		$29.Name = Type Parameters
		$29.RequiredPrefixes = $30
		$30.String = T
		$29.AffectedEntity = TypeParameter
		$29.VisibilityMask = VisibilityMask
		$29.NamingStyle = PascalCase
		$29.IncludeInstanceMembers = True
		$29.IncludeStaticEntities = True
		$0.TextStylePolicy = $31
		$31.inheritsSet = null
		$31.scope = application/config+xml
		$0.XmlFormattingPolicy = $32
		$32.inheritsSet = null
		$32.scope = application/config+xml
		$0.TextStylePolicy = $33
		$33.inheritsSet = null
		$33.scope = application/xml
		$0.XmlFormattingPolicy = $34
		$34.inheritsSet = Mono
		$34.inheritsScope = application/xml
		$34.scope = application/xml
		version = 1.0.3
	EndGlobalSection
EndGlobal
